
Microsoft Visual Studio Solution File, Format Version 12.00
# Visual Studio Version 17
VisualStudioVersion = 17.3.32804.467
MinimumVisualStudioVersion = 10.0.40219.1
Project("{FAE04EC0-301F-11D3-BF4B-00C04F79EFBC}") = "FirstCruWebAPI", "FirstCruWebAPI\FirstCruWebAPI.csproj", "{A9058583-9612-4DEA-A023-930E6629DD00}"
EndProject
Global
	GlobalSection(SolutionConfigurationPlatforms) = preSolution
		Debug|Any CPU = Debug|Any CPU
		Release|Any CPU = Release|Any CPU
	EndGlobalSection
	GlobalSection(ProjectConfigurationPlatforms) = postSolution
		{A9058583-9612-4DEA-A023-930E6629DD00}.Debug|Any CPU.ActiveCfg = Debug|Any CPU
		{A9058583-9612-4DEA-A023-930E6629DD00}.Debug|Any CPU.Build.0 = Debug|Any CPU
		{A9058583-9612-4DEA-A023-930E6629DD00}.Release|Any CPU.ActiveCfg = Release|Any CPU
		{A9058583-9612-4DEA-A023-930E6629DD00}.Release|Any CPU.Build.0 = Release|Any CPU
	EndGlobalSection
	GlobalSection(SolutionProperties) = preSolution
		HideSolutionNode = FALSE
	EndGlobalSection
	GlobalSection(ExtensibilityGlobals) = postSolution
		SolutionGuid = {9F44004E-D41B-44D2-8682-FCB6D3C82DBB}
	EndGlobalSection
EndGlobal
